# This file is autogenerated, do not edit; changes may be undone by the next 'dep ensure'.


[[projects]]
  digest = "1:6f9339c912bbdda81302633ad7e99a28dfa5a639c864061f1929510a9a64aa74"
  name = "github.com/dustin/go-humanize"
  packages = ["."]
  pruneopts = "UT"
  revision = "9f541cc9db5d55bce703bd99987c9d5cb8eea45e"
  version = "v1.0.0"

[[projects]]
  digest = "1:cdb899c199f907ac9fb50495ec71212c95cb5b0e0a8ee0800da0238036091033"
  name = "github.com/mattn/go-runewidth"
  packages = ["."]
  pruneopts = "UT"
  revision = "ce7b0b5c7b45a81508558cd1dba6bb1e4ddb51bb"
  version = "v0.0.3"

[[projects]]
  digest = "1:78bbb1ba5b7c3f2ed0ea1eab57bdd3859aec7e177811563edc41198a760b06af"
  name = "github.com/mitchellh/go-homedir"
  packages = ["."]
  pruneopts = "UT"
  revision = "ae18d6b8b3205b561c79e8e5f69bff09736185f4"
  version = "v1.0.0"

[[projects]]
  branch = "master"
  digest = "1:e564a9e23c65422754afbc07ec84252048a83b5c9f0a2e76a761cd35472216e5"
  name = "github.com/skratchdot/open-golang"
  packages = ["open"]
  pruneopts = "UT"
  revision = "a2dfa6d0dab6634ecf39251031a3d52db73b5c7e"

[[projects]]
  digest = "1:53a5a62f0d82da9d3297b918a5ccf7c40b5d3f3e7ea4a178c69730fc3ab6b85d"
  name = "github.com/studio-b12/gowebdav"
  packages = ["."]
  pruneopts = "UT"
  revision = "a33240e4ab5b60f5295e83245a32c51d14ef8122"
  version = "6"

[[projects]]
  branch = "master"
  digest = "1:63ac2745c23451bb4168282a131d46d507ccf6710651cbbb1cea486be4e250df"
  name = "github.com/thamaji/cachedir"
  packages = ["."]
  pruneopts = "UT"
  revision = "e4d4064e49af3f59a3812eb4ddccca58f4ea16d2"

[[projects]]
  branch = "master"
  digest = "1:bff2807e6b3d16b66dc17853d5cd89f395cd26fa1368acbf48d21647c86bc43a"
  name = "github.com/thamaji/ioutils"
  packages = ["."]
  pruneopts = "UT"
  revision = "345fbfef329848ba2517edfa37611c1d1dda0317"

[[projects]]
  branch = "master"
  digest = "1:3f3a05ae0b95893d90b9b3b5afdb79a9b3d96e4e36e099d841ae602e4aca0da8"
  name = "golang.org/x/crypto"
  packages = ["ssh/terminal"]
  pruneopts = "UT"
  revision = "0c41d7ab0a0ee717d4590a44bcb987dfd9e183eb"

[[projects]]
  branch = "master"
  digest = "1:bececf436a23bf63181438c4ef4f7f47816b87ff879083d83ca1321f9001a354"
  name = "golang.org/x/sys"
  packages = [
    "unix",
    "windows",
  ]
  pruneopts = "UT"
  revision = "8f1d3d21f81be6e86ebcd6febee89c89bc50719f"

[[projects]]
  digest = "1:50ec2f81389fbc7a1e496e1d1dc07adfe080fd15e015e9ba0e08ddaf1d4635ef"
  name = "gopkg.in/cheggaaa/pb.v1"
  packages = ["."]
  pruneopts = "UT"
  revision = "007b75a044e968336a69a6c0c617251ab62ac14c"
  version = "v1.0.26"

[[projects]]
  branch = "v2"
  digest = "1:927bc5076aef9916f1920f2a07e3723e9da1dcd52baa84d29893a3f417c867b4"
  name = "gopkg.in/urfave/cli.v2"
  packages = ["."]
  pruneopts = "UT"
  revision = "d3ae77c26ac8db90639677e4831a728d33c36111"

[solve-meta]
  analyzer-name = "dep"
  analyzer-version = 1
  input-imports = [
    "github.com/dustin/go-humanize",
    "github.com/skratchdot/open-golang/open",
    "github.com/studio-b12/gowebdav",
    "github.com/thamaji/cachedir",
    "github.com/thamaji/ioutils",
    "golang.org/x/crypto/ssh/terminal",
    "gopkg.in/cheggaaa/pb.v1",
    "gopkg.in/urfave/cli.v2",
  ]
  solver-name = "gps-cdcl"
  solver-version = 1
